github.com/aerogo/packet v0.2.2 h1:Fxoeljvod5cO2xgiHzDFRR8nhoNcA8u3FBaUkwBVsPk=
github.com/aerogo/packet v0.2.2/go.mod h1:8+cOKIJ35ZJAi8Afd94ed6q8D0eq3KeJFxXUEgTxPY0=
github.com/akyoto/assert v0.2.0 h1:lR7OHrbbBNNZFmRVS8I5MzS0ShLH36ZQVZVyg1bvs6A=
github.com/akyoto/assert v0.2.0/go.mod h1:g5e6ag+ksCEQENq/LnmU9z04wCAIFDr8KacBusVL0H8=
github.com/akyoto/assert v0.2.3 h1:ftENRGDEK5AKuKmZb9LtbDIHeE8p8cIYI4M92CbA9nE=
github.com/akyoto/assert v0.2.3/go.mod h1:g5e6ag+ksCEQENq/LnmU9z04wCAIFDr8KacBusVL0H8=
